// !$*UTF8*$!
{
	archiveVersion = 1;
	classes = {
	};
	objectVersion = 46;
	objects = {

/* Begin PBXBuildFile section */
		A10DC3091AF922CA00713974 /* cartfile.private in Resources */ = {isa = PBXBuildFile; fileRef = A10DC3081AF922CA00713974 /* cartfile.private */; };
		A10DC30A1AF922CA00713974 /* cartfile.private in Resources */ = {isa = PBXBuildFile; fileRef = A10DC3081AF922CA00713974 /* cartfile.private */; };
		A10DC30D1AF92C0400713974 /* Nimble.framework in Frameworks */ = {isa = PBXBuildFile; fileRef = A10DC30B1AF92C0400713974 /* Nimble.framework */; };
		A10DC30E1AF92C0400713974 /* Quick.framework in Frameworks */ = {isa = PBXBuildFile; fileRef = A10DC30C1AF92C0400713974 /* Quick.framework */; };
		A116D7C61A8018BD00A36EC5 /* Future.framework in Frameworks */ = {isa = PBXBuildFile; fileRef = A14E4F9C1A7B6F18000B0A35 /* Future.framework */; };
		A121D4CE1AF94C710024D050 /* Nimble.framework in Frameworks */ = {isa = PBXBuildFile; fileRef = A121D4CC1AF94C710024D050 /* Nimble.framework */; };
		A121D4CF1AF94C710024D050 /* Quick.framework in Frameworks */ = {isa = PBXBuildFile; fileRef = A121D4CD1AF94C710024D050 /* Quick.framework */; };
		A121D4D51AF94D590024D050 /* Nimble.framework in CopyFiles */ = {isa = PBXBuildFile; fileRef = A10DC30B1AF92C0400713974 /* Nimble.framework */; settings = {ATTRIBUTES = (CodeSignOnCopy, RemoveHeadersOnCopy, ); }; };
		A121D4D61AF94D590024D050 /* Quick.framework in CopyFiles */ = {isa = PBXBuildFile; fileRef = A10DC30C1AF92C0400713974 /* Quick.framework */; settings = {ATTRIBUTES = (CodeSignOnCopy, RemoveHeadersOnCopy, ); }; };
		A121D4D71AF94D640024D050 /* Nimble.framework in CopyFiles */ = {isa = PBXBuildFile; fileRef = A121D4CC1AF94C710024D050 /* Nimble.framework */; settings = {ATTRIBUTES = (CodeSignOnCopy, RemoveHeadersOnCopy, ); }; };
		A121D4D81AF94D640024D050 /* Quick.framework in CopyFiles */ = {isa = PBXBuildFile; fileRef = A121D4CD1AF94C710024D050 /* Quick.framework */; settings = {ATTRIBUTES = (CodeSignOnCopy, RemoveHeadersOnCopy, ); }; };
		A14815271B2A20F20010B24C /* FutureTests.swift in Sources */ = {isa = PBXBuildFile; fileRef = A14E4F8B1A7B6CBD000B0A35 /* FutureTests.swift */; };
		A1959C9A1B014AED00D3EC53 /* ResultTests.swift in Sources */ = {isa = PBXBuildFile; fileRef = A14E4F8D1A7B6CBD000B0A35 /* ResultTests.swift */; };
		A1959C9C1B014AED00D3EC53 /* LoggerTests.swift in Sources */ = {isa = PBXBuildFile; fileRef = A14E4F8C1A7B6CBD000B0A35 /* LoggerTests.swift */; };
		A1959C9D1B014AEE00D3EC53 /* ResultTests.swift in Sources */ = {isa = PBXBuildFile; fileRef = A14E4F8D1A7B6CBD000B0A35 /* ResultTests.swift */; };
		A1959C9F1B014AEE00D3EC53 /* LoggerTests.swift in Sources */ = {isa = PBXBuildFile; fileRef = A14E4F8C1A7B6CBD000B0A35 /* LoggerTests.swift */; };
		A1E754E31B0A76B2004CA02F /* FutureLib.framework in Frameworks */ = {isa = PBXBuildFile; fileRef = A1E754E21B0A76B2004CA02F /* FutureLib.framework */; };
/* End PBXBuildFile section */

/* Begin PBXCopyFilesBuildPhase section */
		A10DC30F1AF92C6100713974 /* CopyFiles */ = {
			isa = PBXCopyFilesBuildPhase;
			buildActionMask = 2147483647;
			dstPath = "";
			dstSubfolderSpec = 10;
			files = (
				A121D4D51AF94D590024D050 /* Nimble.framework in CopyFiles */,
				A121D4D61AF94D590024D050 /* Quick.framework in CopyFiles */,
			);
			runOnlyForDeploymentPostprocessing = 0;
		};
		A121D4D01AF94CB30024D050 /* CopyFiles */ = {
			isa = PBXCopyFilesBuildPhase;
			buildActionMask = 2147483647;
			dstPath = "";
			dstSubfolderSpec = 10;
			files = (
				A121D4D71AF94D640024D050 /* Nimble.framework in CopyFiles */,
				A121D4D81AF94D640024D050 /* Quick.framework in CopyFiles */,
			);
			runOnlyForDeploymentPostprocessing = 0;
		};
/* End PBXCopyFilesBuildPhase section */

/* Begin PBXFileReference section */
		A10A36C51AFAAC3200A585E2 /* FutureOnCompletion.swift */ = {isa = PBXFileReference; fileEncoding = 4; lastKnownFileType = sourcecode.swift; path = FutureOnCompletion.swift; sourceTree = "<group>"; };
		A10DC3081AF922CA00713974 /* cartfile.private */ = {isa = PBXFileReference; fileEncoding = 4; lastKnownFileType = text; path = cartfile.private; sourceTree = "<group>"; };
		A10DC30B1AF92C0400713974 /* Nimble.framework */ = {isa = PBXFileReference; lastKnownFileType = wrapper.framework; name = Nimble.framework; path = Carthage/Build/iOS/Nimble.framework; sourceTree = "<group>"; };
		A10DC30C1AF92C0400713974 /* Quick.framework */ = {isa = PBXFileReference; lastKnownFileType = wrapper.framework; name = Quick.framework; path = Carthage/Build/iOS/Quick.framework; sourceTree = "<group>"; };
		A116D7C41A80185800A36EC5 /* Future.framework */ = {isa = PBXFileReference; lastKnownFileType = wrapper.framework; name = Future.framework; path = ../Future/build/Debug/Future.framework; sourceTree = "<group>"; };
		A121D4CC1AF94C710024D050 /* Nimble.framework */ = {isa = PBXFileReference; lastKnownFileType = wrapper.framework; name = Nimble.framework; path = Carthage/Build/Mac/Nimble.framework; sourceTree = "<group>"; };
		A121D4CD1AF94C710024D050 /* Quick.framework */ = {isa = PBXFileReference; lastKnownFileType = wrapper.framework; name = Quick.framework; path = Carthage/Build/Mac/Quick.framework; sourceTree = "<group>"; };
		A14E4F401A7B697E000B0A35 /* Future-OSX-Tests.xctest */ = {isa = PBXFileReference; explicitFileType = wrapper.cfbundle; includeInIndex = 0; path = "Future-OSX-Tests.xctest"; sourceTree = BUILT_PRODUCTS_DIR; };
		A14E4F441A7B697E000B0A35 /* Info.plist */ = {isa = PBXFileReference; lastKnownFileType = text.plist.xml; path = Info.plist; sourceTree = "<group>"; };
		A14E4F6A1A7B6B0E000B0A35 /* Future.framework */ = {isa = PBXFileReference; lastKnownFileType = wrapper.framework; name = Future.framework; path = ../Future/build/Debug/Future.framework; sourceTree = "<group>"; };
		A14E4F701A7B6B32000B0A35 /* Future-iOS-Tests.xctest */ = {isa = PBXFileReference; explicitFileType = wrapper.cfbundle; includeInIndex = 0; path = "Future-iOS-Tests.xctest"; sourceTree = BUILT_PRODUCTS_DIR; };
		A14E4F731A7B6B32000B0A35 /* Info.plist */ = {isa = PBXFileReference; lastKnownFileType = text.plist.xml; path = Info.plist; sourceTree = "<group>"; };
		A14E4F791A7B6B46000B0A35 /* Future.framework */ = {isa = PBXFileReference; lastKnownFileType = wrapper.framework; name = Future.framework; path = "../Future/build/Debug-iphoneos/Future.framework"; sourceTree = "<group>"; };
		A14E4F8A1A7B6CBD000B0A35 /* FutureFuncTests.swift */ = {isa = PBXFileReference; fileEncoding = 4; lastKnownFileType = sourcecode.swift; path = FutureFuncTests.swift; sourceTree = "<group>"; };
		A14E4F8B1A7B6CBD000B0A35 /* FutureTests.swift */ = {isa = PBXFileReference; fileEncoding = 4; lastKnownFileType = sourcecode.swift; path = FutureTests.swift; sourceTree = "<group>"; };
		A14E4F8C1A7B6CBD000B0A35 /* LoggerTests.swift */ = {isa = PBXFileReference; fileEncoding = 4; lastKnownFileType = sourcecode.swift; path = LoggerTests.swift; sourceTree = "<group>"; };
		A14E4F8D1A7B6CBD000B0A35 /* ResultTests.swift */ = {isa = PBXFileReference; fileEncoding = 4; lastKnownFileType = sourcecode.swift; path = ResultTests.swift; sourceTree = "<group>"; };
		A14E4F8E1A7B6CBD000B0A35 /* Task.swift */ = {isa = PBXFileReference; fileEncoding = 4; lastKnownFileType = sourcecode.swift; path = Task.swift; sourceTree = "<group>"; };
		A14E4F991A7B6D07000B0A35 /* FutureTests2.swift */ = {isa = PBXFileReference; fileEncoding = 4; lastKnownFileType = sourcecode.swift; path = FutureTests2.swift; sourceTree = "<group>"; };
		A14E4F9C1A7B6F18000B0A35 /* Future.framework */ = {isa = PBXFileReference; lastKnownFileType = wrapper.framework; name = Future.framework; path = "../../../../Library/Developer/Xcode/DerivedData/FutureLibrary-fdayrffoqisbosagfrqebkzlogad/Build/Products/Debug/Future.framework"; sourceTree = "<group>"; };
		A1B50E1C1B0E4A0900957526 /* Spec.swift */ = {isa = PBXFileReference; fileEncoding = 4; lastKnownFileType = sourcecode.swift; path = Spec.swift; sourceTree = "<group>"; };
		A1E754E21B0A76B2004CA02F /* FutureLib.framework */ = {isa = PBXFileReference; lastKnownFileType = wrapper.framework; name = FutureLib.framework; path = "../../../../Library/Developer/Xcode/DerivedData/FutureLibrary-fdayrffoqisbosagfrqebkzlogad/Build/Products/Debug/FutureLib.framework"; sourceTree = "<group>"; };
/* End PBXFileReference section */

/* Begin PBXFrameworksBuildPhase section */
		A14E4F3D1A7B697E000B0A35 /* Frameworks */ = {
			isa = PBXFrameworksBuildPhase;
			buildActionMask = 2147483647;
			files = (
				A1E754E31B0A76B2004CA02F /* FutureLib.framework in Frameworks */,
				A121D4CE1AF94C710024D050 /* Nimble.framework in Frameworks */,
				A121D4CF1AF94C710024D050 /* Quick.framework in Frameworks */,
			);
			runOnlyForDeploymentPostprocessing = 0;
		};
		A14E4F6D1A7B6B32000B0A35 /* Frameworks */ = {
			isa = PBXFrameworksBuildPhase;
			buildActionMask = 2147483647;
			files = (
				A10DC30D1AF92C0400713974 /* Nimble.framework in Frameworks */,
				A10DC30E1AF92C0400713974 /* Quick.framework in Frameworks */,
				A116D7C61A8018BD00A36EC5 /* Future.framework in Frameworks */,
			);
			runOnlyForDeploymentPostprocessing = 0;
		};
/* End PBXFrameworksBuildPhase section */

/* Begin PBXGroup section */
		A14E4F161A78C07A000B0A35 = {
			isa = PBXGroup;
			children = (
				A10DC3081AF922CA00713974 /* cartfile.private */,
				A14E4F891A7B6CBD000B0A35 /* Tests */,
				A14E4F881A7B6CA7000B0A35 /* Frameworks */,
				A14E4F421A7B697E000B0A35 /* Future-OSX-Tests */,
				A14E4F711A7B6B32000B0A35 /* Future-iOS-Tests */,
				A14E4F411A7B697E000B0A35 /* Products */,
			);
			sourceTree = "<group>";
		};
		A14E4F411A7B697E000B0A35 /* Products */ = {
			isa = PBXGroup;
			children = (
				A14E4F401A7B697E000B0A35 /* Future-OSX-Tests.xctest */,
				A14E4F701A7B6B32000B0A35 /* Future-iOS-Tests.xctest */,
			);
			name = Products;
			sourceTree = "<group>";
		};
		A14E4F421A7B697E000B0A35 /* Future-OSX-Tests */ = {
			isa = PBXGroup;
			children = (
				A14E4F431A7B697E000B0A35 /* Supporting Files */,
			);
			path = "Future-OSX-Tests";
			sourceTree = "<group>";
		};
		A14E4F431A7B697E000B0A35 /* Supporting Files */ = {
			isa = PBXGroup;
			children = (
				A14E4F441A7B697E000B0A35 /* Info.plist */,
			);
			name = "Supporting Files";
			sourceTree = "<group>";
		};
		A14E4F711A7B6B32000B0A35 /* Future-iOS-Tests */ = {
			isa = PBXGroup;
			children = (
				A14E4F721A7B6B32000B0A35 /* Supporting Files */,
			);
			path = "Future-iOS-Tests";
			sourceTree = "<group>";
		};
		A14E4F721A7B6B32000B0A35 /* Supporting Files */ = {
			isa = PBXGroup;
			children = (
				A14E4F731A7B6B32000B0A35 /* Info.plist */,
			);
			name = "Supporting Files";
			sourceTree = "<group>";
		};
		A14E4F881A7B6CA7000B0A35 /* Frameworks */ = {
			isa = PBXGroup;
			children = (
				A1E754E21B0A76B2004CA02F /* FutureLib.framework */,
				A121D4CC1AF94C710024D050 /* Nimble.framework */,
				A121D4CD1AF94C710024D050 /* Quick.framework */,
				A10DC30B1AF92C0400713974 /* Nimble.framework */,
				A10DC30C1AF92C0400713974 /* Quick.framework */,
				A116D7C41A80185800A36EC5 /* Future.framework */,
				A14E4F9C1A7B6F18000B0A35 /* Future.framework */,
				A14E4F791A7B6B46000B0A35 /* Future.framework */,
				A14E4F6A1A7B6B0E000B0A35 /* Future.framework */,
			);
			name = Frameworks;
			sourceTree = "<group>";
		};
		A14E4F891A7B6CBD000B0A35 /* Tests */ = {
			isa = PBXGroup;
			children = (
				A14E4F8D1A7B6CBD000B0A35 /* ResultTests.swift */,
				A10A36C51AFAAC3200A585E2 /* FutureOnCompletion.swift */,
				A14E4F8A1A7B6CBD000B0A35 /* FutureFuncTests.swift */,
				A14E4F8B1A7B6CBD000B0A35 /* FutureTests.swift */,
				A14E4F991A7B6D07000B0A35 /* FutureTests2.swift */,
				A14E4F8C1A7B6CBD000B0A35 /* LoggerTests.swift */,
				A14E4F8E1A7B6CBD000B0A35 /* Task.swift */,
				A1B50E1C1B0E4A0900957526 /* Spec.swift */,
			);
			path = Tests;
			sourceTree = "<group>";
		};
/* End PBXGroup section */

/* Begin PBXNativeTarget section */
		A14E4F3F1A7B697E000B0A35 /* Future-OSX-Tests */ = {
			isa = PBXNativeTarget;
			buildConfigurationList = A14E4F471A7B697E000B0A35 /* Build configuration list for PBXNativeTarget "Future-OSX-Tests" */;
			buildPhases = (
				A14E4F3C1A7B697E000B0A35 /* Sources */,
				A14E4F3D1A7B697E000B0A35 /* Frameworks */,
				A14E4F3E1A7B697E000B0A35 /* Resources */,
				A121D4D01AF94CB30024D050 /* CopyFiles */,
			);
			buildRules = (
			);
			dependencies = (
			);
			name = "Future-OSX-Tests";
			productName = "Future-OSX-Tests";
			productReference = A14E4F401A7B697E000B0A35 /* Future-OSX-Tests.xctest */;
			productType = "com.apple.product-type.bundle.unit-test";
		};
		A14E4F6F1A7B6B32000B0A35 /* Future-iOS-Tests */ = {
			isa = PBXNativeTarget;
			buildConfigurationList = A14E4F761A7B6B32000B0A35 /* Build configuration list for PBXNativeTarget "Future-iOS-Tests" */;
			buildPhases = (
				A14E4F6C1A7B6B32000B0A35 /* Sources */,
				A14E4F6D1A7B6B32000B0A35 /* Frameworks */,
				A14E4F6E1A7B6B32000B0A35 /* Resources */,
				A10DC30F1AF92C6100713974 /* CopyFiles */,
			);
			buildRules = (
			);
			dependencies = (
			);
			name = "Future-iOS-Tests";
			productName = "Future-iOS-Tests";
			productReference = A14E4F701A7B6B32000B0A35 /* Future-iOS-Tests.xctest */;
			productType = "com.apple.product-type.bundle.unit-test";
		};
/* End PBXNativeTarget section */

/* Begin PBXProject section */
		A14E4F171A78C07A000B0A35 /* Project object */ = {
			isa = PBXProject;
			attributes = {
				LastSwiftUpdateCheck = 0700;
				LastUpgradeCheck = 0700;
				TargetAttributes = {
					A14E4F3F1A7B697E000B0A35 = {
						CreatedOnToolsVersion = 6.1.1;
					};
					A14E4F6F1A7B6B32000B0A35 = {
						CreatedOnToolsVersion = 6.1.1;
					};
				};
			};
			buildConfigurationList = A14E4F1A1A78C07A000B0A35 /* Build configuration list for PBXProject "FutureTests" */;
			compatibilityVersion = "Xcode 3.2";
			developmentRegion = English;
			hasScannedForEncodings = 0;
			knownRegions = (
				en,
			);
			mainGroup = A14E4F161A78C07A000B0A35;
			productRefGroup = A14E4F411A7B697E000B0A35 /* Products */;
			projectDirPath = "";
			projectRoot = "";
			targets = (
				A14E4F3F1A7B697E000B0A35 /* Future-OSX-Tests */,
				A14E4F6F1A7B6B32000B0A35 /* Future-iOS-Tests */,
			);
		};
/* End PBXProject section */

/* Begin PBXResourcesBuildPhase section */
		A14E4F3E1A7B697E000B0A35 /* Resources */ = {
			isa = PBXResourcesBuildPhase;
			buildActionMask = 2147483647;
			files = (
				A10DC3091AF922CA00713974 /* cartfile.private in Resources */,
			);
			runOnlyForDeploymentPostprocessing = 0;
		};
		A14E4F6E1A7B6B32000B0A35 /* Resources */ = {
			isa = PBXResourcesBuildPhase;
			buildActionMask = 2147483647;
			files = (
				A10DC30A1AF922CA00713974 /* cartfile.private in Resources */,
			);
			runOnlyForDeploymentPostprocessing = 0;
		};
/* End PBXResourcesBuildPhase section */

/* Begin PBXSourcesBuildPhase section */
		A14E4F3C1A7B697E000B0A35 /* Sources */ = {
			isa = PBXSourcesBuildPhase;
			buildActionMask = 2147483647;
			files = (
				A1959C9A1B014AED00D3EC53 /* ResultTests.swift in Sources */,
				A1959C9C1B014AED00D3EC53 /* LoggerTests.swift in Sources */,
				A14815271B2A20F20010B24C /* FutureTests.swift in Sources */,
			);
			runOnlyForDeploymentPostprocessing = 0;
		};
		A14E4F6C1A7B6B32000B0A35 /* Sources */ = {
			isa = PBXSourcesBuildPhase;
			buildActionMask = 2147483647;
			files = (
				A1959C9D1B014AEE00D3EC53 /* ResultTests.swift in Sources */,
				A1959C9F1B014AEE00D3EC53 /* LoggerTests.swift in Sources */,
			);
			runOnlyForDeploymentPostprocessing = 0;
		};
/* End PBXSourcesBuildPhase section */

/* Begin XCBuildConfiguration section */
		A14E4F1B1A78C07A000B0A35 /* Debug */ = {
			isa = XCBuildConfiguration;
			buildSettings = {
				ENABLE_TESTABILITY = YES;
				ONLY_ACTIVE_ARCH = YES;
			};
			name = Debug;
		};
		A14E4F1C1A78C07A000B0A35 /* Release */ = {
			isa = XCBuildConfiguration;
			buildSettings = {
			};
			name = Release;
		};
		A14E4F481A7B697E000B0A35 /* Debug */ = {
			isa = XCBuildConfiguration;
			buildSettings = {
				ALWAYS_SEARCH_USER_PATHS = NO;
				CLANG_CXX_LANGUAGE_STANDARD = "gnu++0x";
				CLANG_CXX_LIBRARY = "libc++";
				CLANG_ENABLE_MODULES = YES;
				CLANG_ENABLE_OBJC_ARC = YES;
				CLANG_WARN_BOOL_CONVERSION = YES;
				CLANG_WARN_CONSTANT_CONVERSION = YES;
				CLANG_WARN_DIRECT_OBJC_ISA_USAGE = YES_ERROR;
				CLANG_WARN_EMPTY_BODY = YES;
				CLANG_WARN_ENUM_CONVERSION = YES;
				CLANG_WARN_INT_CONVERSION = YES;
				CLANG_WARN_OBJC_ROOT_CLASS = YES_ERROR;
				CLANG_WARN_UNREACHABLE_CODE = YES;
				CLANG_WARN__DUPLICATE_METHOD_MATCH = YES;
				COMBINE_HIDPI_IMAGES = YES;
				COPY_PHASE_STRIP = NO;
				ENABLE_STRICT_OBJC_MSGSEND = YES;
				FRAMEWORK_SEARCH_PATHS = (
					"$(DEVELOPER_FRAMEWORKS_DIR)",
					"$(inherited)",
					"$(PROJECT_DIR)/Carthage/Build/Mac",
					"$(USER_LIBRARY_DIR)/Developer/Xcode/DerivedData/FutureLibrary-fdayrffoqisbosagfrqebkzlogad/Build/Products/Debug",
				);
				GCC_C_LANGUAGE_STANDARD = gnu99;
				GCC_DYNAMIC_NO_PIC = NO;
				GCC_OPTIMIZATION_LEVEL = 0;
				GCC_PREPROCESSOR_DEFINITIONS = (
					"DEBUG=1",
					"$(inherited)",
				);
				GCC_SYMBOLS_PRIVATE_EXTERN = NO;
				GCC_WARN_64_TO_32_BIT_CONVERSION = YES;
				GCC_WARN_ABOUT_RETURN_TYPE = YES_ERROR;
				GCC_WARN_UNDECLARED_SELECTOR = YES;
				GCC_WARN_UNINITIALIZED_AUTOS = YES_AGGRESSIVE;
				GCC_WARN_UNUSED_FUNCTION = YES;
				GCC_WARN_UNUSED_VARIABLE = YES;
				INFOPLIST_FILE = "Future-OSX-Tests/Info.plist";
				LD_RUNPATH_SEARCH_PATHS = "$(inherited) @executable_path/../Frameworks @loader_path/../Frameworks";
				MACOSX_DEPLOYMENT_TARGET = 10.10;
				MTL_ENABLE_DEBUG_INFO = YES;
				ONLY_ACTIVE_ARCH = YES;
				PRODUCT_BUNDLE_IDENTIFIER = "ag.$(PRODUCT_NAME:rfc1034identifier)";
				PRODUCT_NAME = "$(TARGET_NAME)";
				SDKROOT = macosx;
				SWIFT_OPTIMIZATION_LEVEL = "-Onone";
			};
			name = Debug;
		};
		A14E4F491A7B697E000B0A35 /* Release */ = {
			isa = XCBuildConfiguration;
			buildSettings = {
				ALWAYS_SEARCH_USER_PATHS = NO;
				CLANG_CXX_LANGUAGE_STANDARD = "gnu++0x";
				CLANG_CXX_LIBRARY = "libc++";
				CLANG_ENABLE_MODULES = YES;
				CLANG_ENABLE_OBJC_ARC = YES;
				CLANG_WARN_BOOL_CONVERSION = YES;
				CLANG_WARN_CONSTANT_CONVERSION = YES;
				CLANG_WARN_DIRECT_OBJC_ISA_USAGE = YES_ERROR;
				CLANG_WARN_EMPTY_BODY = YES;
				CLANG_WARN_ENUM_CONVERSION = YES;
				CLANG_WARN_INT_CONVERSION = YES;
				CLANG_WARN_OBJC_ROOT_CLASS = YES_ERROR;
				CLANG_WARN_UNREACHABLE_CODE = YES;
				CLANG_WARN__DUPLICATE_METHOD_MATCH = YES;
				COMBINE_HIDPI_IMAGES = YES;
				COPY_PHASE_STRIP = YES;
				DEBUG_INFORMATION_FORMAT = "dwarf-with-dsym";
				ENABLE_NS_ASSERTIONS = NO;
				ENABLE_STRICT_OBJC_MSGSEND = YES;
				FRAMEWORK_SEARCH_PATHS = (
					"$(DEVELOPER_FRAMEWORKS_DIR)",
					"$(inherited)",
					"$(PROJECT_DIR)/Carthage/Build/Mac",
					"$(USER_LIBRARY_DIR)/Developer/Xcode/DerivedData/FutureLibrary-fdayrffoqisbosagfrqebkzlogad/Build/Products/Debug",
				);
				GCC_C_LANGUAGE_STANDARD = gnu99;
				GCC_WARN_64_TO_32_BIT_CONVERSION = YES;
				GCC_WARN_ABOUT_RETURN_TYPE = YES_ERROR;
				GCC_WARN_UNDECLARED_SELECTOR = YES;
				GCC_WARN_UNINITIALIZED_AUTOS = YES_AGGRESSIVE;
				GCC_WARN_UNUSED_FUNCTION = YES;
				GCC_WARN_UNUSED_VARIABLE = YES;
				INFOPLIST_FILE = "Future-OSX-Tests/Info.plist";
				LD_RUNPATH_SEARCH_PATHS = "$(inherited) @executable_path/../Frameworks @loader_path/../Frameworks";
				MACOSX_DEPLOYMENT_TARGET = 10.10;
				MTL_ENABLE_DEBUG_INFO = NO;
				PRODUCT_BUNDLE_IDENTIFIER = "ag.$(PRODUCT_NAME:rfc1034identifier)";
				PRODUCT_NAME = "$(TARGET_NAME)";
				SDKROOT = macosx;
			};
			name = Release;
		};
		A14E4F771A7B6B32000B0A35 /* Debug */ = {
			isa = XCBuildConfiguration;
			buildSettings = {
				ALWAYS_SEARCH_USER_PATHS = NO;
				CLANG_CXX_LANGUAGE_STANDARD = "gnu++0x";
				CLANG_CXX_LIBRARY = "libc++";
				CLANG_ENABLE_MODULES = YES;
				CLANG_ENABLE_OBJC_ARC = YES;
				CLANG_WARN_BOOL_CONVERSION = YES;
				CLANG_WARN_CONSTANT_CONVERSION = YES;
				CLANG_WARN_DIRECT_OBJC_ISA_USAGE = YES_ERROR;
				CLANG_WARN_EMPTY_BODY = YES;
				CLANG_WARN_ENUM_CONVERSION = YES;
				CLANG_WARN_INT_CONVERSION = YES;
				CLANG_WARN_OBJC_ROOT_CLASS = YES_ERROR;
				CLANG_WARN_UNREACHABLE_CODE = YES;
				CLANG_WARN__DUPLICATE_METHOD_MATCH = YES;
				COPY_PHASE_STRIP = NO;
				ENABLE_STRICT_OBJC_MSGSEND = YES;
				FRAMEWORK_SEARCH_PATHS = (
					"$(SDKROOT)/Developer/Library/Frameworks",
					"$(inherited)",
					"$(PROJECT_DIR)/Carthage/Build/iOS",
				);
				GCC_C_LANGUAGE_STANDARD = gnu99;
				GCC_DYNAMIC_NO_PIC = NO;
				GCC_OPTIMIZATION_LEVEL = 0;
				GCC_PREPROCESSOR_DEFINITIONS = (
					"DEBUG=1",
					"$(inherited)",
				);
				GCC_SYMBOLS_PRIVATE_EXTERN = NO;
				GCC_WARN_64_TO_32_BIT_CONVERSION = YES;
				GCC_WARN_ABOUT_RETURN_TYPE = YES_ERROR;
				GCC_WARN_UNDECLARED_SELECTOR = YES;
				GCC_WARN_UNINITIALIZED_AUTOS = YES_AGGRESSIVE;
				GCC_WARN_UNUSED_FUNCTION = YES;
				GCC_WARN_UNUSED_VARIABLE = YES;
				INFOPLIST_FILE = "Future-iOS-Tests/Info.plist";
				IPHONEOS_DEPLOYMENT_TARGET = 8.1;
				LD_RUNPATH_SEARCH_PATHS = "$(inherited) @executable_path/Frameworks @loader_path/Frameworks";
				MTL_ENABLE_DEBUG_INFO = YES;
				ONLY_ACTIVE_ARCH = YES;
				PRODUCT_BUNDLE_IDENTIFIER = "ag.$(PRODUCT_NAME:rfc1034identifier)";
				PRODUCT_NAME = "$(TARGET_NAME)";
				SDKROOT = iphoneos;
				SWIFT_OPTIMIZATION_LEVEL = "-Onone";
			};
			name = Debug;
		};
		A14E4F781A7B6B32000B0A35 /* Release */ = {
			isa = XCBuildConfiguration;
			buildSettings = {
				ALWAYS_SEARCH_USER_PATHS = NO;
				CLANG_CXX_LANGUAGE_STANDARD = "gnu++0x";
				CLANG_CXX_LIBRARY = "libc++";
				CLANG_ENABLE_MODULES = YES;
				CLANG_ENABLE_OBJC_ARC = YES;
				CLANG_WARN_BOOL_CONVERSION = YES;
				CLANG_WARN_CONSTANT_CONVERSION = YES;
				CLANG_WARN_DIRECT_OBJC_ISA_USAGE = YES_ERROR;
				CLANG_WARN_EMPTY_BODY = YES;
				CLANG_WARN_ENUM_CONVERSION = YES;
				CLANG_WARN_INT_CONVERSION = YES;
				CLANG_WARN_OBJC_ROOT_CLASS = YES_ERROR;
				CLANG_WARN_UNREACHABLE_CODE = YES;
				CLANG_WARN__DUPLICATE_METHOD_MATCH = YES;
				COPY_PHASE_STRIP = YES;
				ENABLE_NS_ASSERTIONS = NO;
				ENABLE_STRICT_OBJC_MSGSEND = YES;
				FRAMEWORK_SEARCH_PATHS = (
					"$(SDKROOT)/Developer/Library/Frameworks",
					"$(inherited)",
					"$(PROJECT_DIR)/Carthage/Build/iOS",
				);
				GCC_C_LANGUAGE_STANDARD = gnu99;
				GCC_WARN_64_TO_32_BIT_CONVERSION = YES;
				GCC_WARN_ABOUT_RETURN_TYPE = YES_ERROR;
				GCC_WARN_UNDECLARED_SELECTOR = YES;
				GCC_WARN_UNINITIALIZED_AUTOS = YES_AGGRESSIVE;
				GCC_WARN_UNUSED_FUNCTION = YES;
				GCC_WARN_UNUSED_VARIABLE = YES;
				INFOPLIST_FILE = "Future-iOS-Tests/Info.plist";
				IPHONEOS_DEPLOYMENT_TARGET = 8.1;
				LD_RUNPATH_SEARCH_PATHS = "$(inherited) @executable_path/Frameworks @loader_path/Frameworks";
				MTL_ENABLE_DEBUG_INFO = NO;
				PRODUCT_BUNDLE_IDENTIFIER = "ag.$(PRODUCT_NAME:rfc1034identifier)";
				PRODUCT_NAME = "$(TARGET_NAME)";
				SDKROOT = iphoneos;
				VALIDATE_PRODUCT = YES;
			};
			name = Release;
		};
/* End XCBuildConfiguration section */

/* Begin XCConfigurationList section */
		A14E4F1A1A78C07A000B0A35 /* Build configuration list for PBXProject "FutureTests" */ = {
			isa = XCConfigurationList;
			buildConfigurations = (
				A14E4F1B1A78C07A000B0A35 /* Debug */,
				A14E4F1C1A78C07A000B0A35 /* Release */,
			);
			defaultConfigurationIsVisible = 0;
			defaultConfigurationName = Release;
		};
		A14E4F471A7B697E000B0A35 /* Build configuration list for PBXNativeTarget "Future-OSX-Tests" */ = {
			isa = XCConfigurationList;
			buildConfigurations = (
				A14E4F481A7B697E000B0A35 /* Debug */,
				A14E4F491A7B697E000B0A35 /* Release */,
			);
			defaultConfigurationIsVisible = 0;
			defaultConfigurationName = Release;
		};
		A14E4F761A7B6B32000B0A35 /* Build configuration list for PBXNativeTarget "Future-iOS-Tests" */ = {
			isa = XCConfigurationList;
			buildConfigurations = (
				A14E4F771A7B6B32000B0A35 /* Debug */,
				A14E4F781A7B6B32000B0A35 /* Release */,
			);
			defaultConfigurationIsVisible = 0;
			defaultConfigurationName = Release;
		};
/* End XCConfigurationList section */
	};
	rootObject = A14E4F171A78C07A000B0A35 /* Project object */;
}
